
Microsoft Visual Studio Solution File, Format Version 12.00
# Visual Studio Version 17
VisualStudioVersion = 17.4.33403.182
MinimumVisualStudioVersion = 10.0.40219.1
Project("{888888A0-9F3D-457C-B088-3A5042F75D52}") = "MID", "MID\MID.pyproj", "{465DBD12-C455-4F93-ABCA-0FE89907DE4D}"
EndProject
Global
	GlobalSection(SolutionConfigurationPlatforms) = preSolution
		Debug|Any CPU = Debug|Any CPU
		Release|Any CPU = Release|Any CPU
	EndGlobalSection
	GlobalSection(ProjectConfigurationPlatforms) = postSolution
		{465DBD12-C455-4F93-ABCA-0FE89907DE4D}.Debug|Any CPU.ActiveCfg = Debug|Any CPU
		{465DBD12-C455-4F93-ABCA-0FE89907DE4D}.Release|Any CPU.ActiveCfg = Release|Any CPU
	EndGlobalSection
	GlobalSection(SolutionProperties) = preSolution
		HideSolutionNode = FALSE
	EndGlobalSection
	GlobalSection(ExtensibilityGlobals) = postSolution
		SolutionGuid = {D2D75E14-E9DB-4C15-9B78-C065AD0CDD8D}
	EndGlobalSection
EndGlobal
